{
  "name": "spot.light-BE",
  "lockfileVersion": 3,
  "requires": true,
  "packages": {
    "": {
      "dependencies": {
        "http-headers": "^3.0.2"
      }
    },
    "node_modules/http-headers": {
      "version": "3.0.2",
      "resolved": "https://registry.npmjs.org/http-headers/-/http-headers-3.0.2.tgz",
      "integrity": "sha512-87E1I+2Wg4dxxz4rcxElo3dxO/w1ZtgL1yA0Sb6vH3qU16vRKq1NjWQv9SCY3ly2OQROcoxHZOUpmelS+k6wOw==",
      "dependencies": {
        "next-line": "^1.1.0"
      }
    },
    "node_modules/next-line": {
      "version": "1.1.0",
      "resolved": "https://registry.npmjs.org/next-line/-/next-line-1.1.0.tgz",
      "integrity": "sha512-+I10J3wKNoKddNxn0CNpoZ3eTZuqxjNM3b1GImVx22+ePI+Y15P8g/j3WsbP0fhzzrFzrtjOAoq5NCCucswXOQ=="
    }
  }
}
